
Microsoft Visual Studio Solution File, Format Version 12.00
# Visual Studio Version 16
VisualStudioVersion = 16.0.29905.134
MinimumVisualStudioVersion = 10.0.40219.1
Project("{8BC9CEB8-8B4A-11D0-8D11-00A0C91BC942}") = "ecdownload", "ecdownload.vcxproj", "{AF74ABFB-E758-4009-9E36-BA3DFEA92D3F}"
EndProject
Global
	GlobalSection(SolutionConfigurationPlatforms) = preSolution
		Debug|ARM = Debug|ARM
		Debug|ARM64 = Debug|ARM64
		Debug|x64 = Debug|x64
		Debug|x86 = Debug|x86
		Release|ARM = Release|ARM
		Release|ARM64 = Release|ARM64
		Release|x64 = Release|x64
		Release|x86 = Release|x86
	EndGlobalSection
	GlobalSection(ProjectConfigurationPlatforms) = postSolution
		{AF74ABFB-E758-4009-9E36-BA3DFEA92D3F}.Debug|ARM.ActiveCfg = Debug|ARM
		{AF74ABFB-E758-4009-9E36-BA3DFEA92D3F}.Debug|ARM.Build.0 = Debug|ARM
		{AF74ABFB-E758-4009-9E36-BA3DFEA92D3F}.Debug|ARM.Deploy.0 = Debug|ARM
		{AF74ABFB-E758-4009-9E36-BA3DFEA92D3F}.Debug|ARM64.ActiveCfg = Debug|ARM64
		{AF74ABFB-E758-4009-9E36-BA3DFEA92D3F}.Debug|ARM64.Build.0 = Debug|ARM64
		{AF74ABFB-E758-4009-9E36-BA3DFEA92D3F}.Debug|ARM64.Deploy.0 = Debug|ARM64
		{AF74ABFB-E758-4009-9E36-BA3DFEA92D3F}.Debug|x64.ActiveCfg = Debug|x64
		{AF74ABFB-E758-4009-9E36-BA3DFEA92D3F}.Debug|x64.Build.0 = Debug|x64
		{AF74ABFB-E758-4009-9E36-BA3DFEA92D3F}.Debug|x64.Deploy.0 = Debug|x64
		{AF74ABFB-E758-4009-9E36-BA3DFEA92D3F}.Debug|x86.ActiveCfg = Debug|x86
		{AF74ABFB-E758-4009-9E36-BA3DFEA92D3F}.Debug|x86.Build.0 = Debug|x86
		{AF74ABFB-E758-4009-9E36-BA3DFEA92D3F}.Debug|x86.Deploy.0 = Debug|x86
		{AF74ABFB-E758-4009-9E36-BA3DFEA92D3F}.Release|ARM.ActiveCfg = Release|ARM
		{AF74ABFB-E758-4009-9E36-BA3DFEA92D3F}.Release|ARM.Build.0 = Release|ARM
		{AF74ABFB-E758-4009-9E36-BA3DFEA92D3F}.Release|ARM.Deploy.0 = Release|ARM
		{AF74ABFB-E758-4009-9E36-BA3DFEA92D3F}.Release|ARM64.ActiveCfg = Release|ARM64
		{AF74ABFB-E758-4009-9E36-BA3DFEA92D3F}.Release|ARM64.Build.0 = Release|ARM64
		{AF74ABFB-E758-4009-9E36-BA3DFEA92D3F}.Release|ARM64.Deploy.0 = Release|ARM64
		{AF74ABFB-E758-4009-9E36-BA3DFEA92D3F}.Release|x64.ActiveCfg = Release|x64
		{AF74ABFB-E758-4009-9E36-BA3DFEA92D3F}.Release|x64.Build.0 = Release|x64
		{AF74ABFB-E758-4009-9E36-BA3DFEA92D3F}.Release|x64.Deploy.0 = Release|x64
		{AF74ABFB-E758-4009-9E36-BA3DFEA92D3F}.Release|x86.ActiveCfg = Release|x86
		{AF74ABFB-E758-4009-9E36-BA3DFEA92D3F}.Release|x86.Build.0 = Release|x86
		{AF74ABFB-E758-4009-9E36-BA3DFEA92D3F}.Release|x86.Deploy.0 = Release|x86
	EndGlobalSection
	GlobalSection(SolutionProperties) = preSolution
		HideSolutionNode = FALSE
	EndGlobalSection
	GlobalSection(ExtensibilityGlobals) = postSolution
		SolutionGuid = {5A428398-3A8C-4353-94D9-0101D8799E1E}
	EndGlobalSection
EndGlobal
